// !$*UTF8*$!
{
	archiveVersion = 1;
	classes = {
	};
	objectVersion = 46;
	objects = {

/* Begin PBXBuildFile section */
		E49F9D861C3A979600D89C3B /* AppDelegate.swift in Sources */ = {isa = PBXBuildFile; fileRef = E49F9D851C3A979600D89C3B /* AppDelegate.swift */; };
		E49F9D881C3A979600D89C3B /* ViewController.swift in Sources */ = {isa = PBXBuildFile; fileRef = E49F9D871C3A979600D89C3B /* ViewController.swift */; };
		E49F9D8B1C3A979600D89C3B /* Main.storyboard in Resources */ = {isa = PBXBuildFile; fileRef = E49F9D891C3A979600D89C3B /* Main.storyboard */; };
		E49F9D8D1C3A979600D89C3B /* Assets.xcassets in Resources */ = {isa = PBXBuildFile; fileRef = E49F9D8C1C3A979600D89C3B /* Assets.xcassets */; };
		E49F9D901C3A979600D89C3B /* LaunchScreen.storyboard in Resources */ = {isa = PBXBuildFile; fileRef = E49F9D8E1C3A979600D89C3B /* LaunchScreen.storyboard */; };
		E49F9D9B1C3A979600D89C3B /* UIWebViewTests.swift in Sources */ = {isa = PBXBuildFile; fileRef = E49F9D9A1C3A979600D89C3B /* UIWebViewTests.swift */; };
		E49F9DA61C3A979600D89C3B /* UIWebViewUITests.swift in Sources */ = {isa = PBXBuildFile; fileRef = E49F9DA51C3A979600D89C3B /* UIWebViewUITests.swift */; };
/* End PBXBuildFile section */

/* Begin PBXContainerItemProxy section */
		E49F9D971C3A979600D89C3B /* PBXContainerItemProxy */ = {
			isa = PBXContainerItemProxy;
			containerPortal = E49F9D7A1C3A979600D89C3B /* Project object */;
			proxyType = 1;
			remoteGlobalIDString = E49F9D811C3A979600D89C3B;
			remoteInfo = UIWebView;
		};
		E49F9DA21C3A979600D89C3B /* PBXContainerItemProxy */ = {
			isa = PBXContainerItemProxy;
			containerPortal = E49F9D7A1C3A979600D89C3B /* Project object */;
			proxyType = 1;
			remoteGlobalIDString = E49F9D811C3A979600D89C3B;
			remoteInfo = UIWebView;
		};
/* End PBXContainerItemProxy section */

/* Begin PBXFileReference section */
		E49F9D821C3A979600D89C3B /* UIWebView.app */ = {isa = PBXFileReference; explicitFileType = wrapper.application; includeInIndex = 0; path = UIWebView.app; sourceTree = BUILT_PRODUCTS_DIR; };
		E49F9D851C3A979600D89C3B /* AppDelegate.swift */ = {isa = PBXFileReference; lastKnownFileType = sourcecode.swift; path = AppDelegate.swift; sourceTree = "<group>"; };
		E49F9D871C3A979600D89C3B /* ViewController.swift */ = {isa = PBXFileReference; lastKnownFileType = sourcecode.swift; path = ViewController.swift; sourceTree = "<group>"; };
		E49F9D8A1C3A979600D89C3B /* Base */ = {isa = PBXFileReference; lastKnownFileType = file.storyboard; name = Base; path = Base.lproj/Main.storyboard; sourceTree = "<group>"; };
		E49F9D8C1C3A979600D89C3B /* Assets.xcassets */ = {isa = PBXFileReference; lastKnownFileType = folder.assetcatalog; path = Assets.xcassets; sourceTree = "<group>"; };
		E49F9D8F1C3A979600D89C3B /* Base */ = {isa = PBXFileReference; lastKnownFileType = file.storyboard; name = Base; path = Base.lproj/LaunchScreen.storyboard; sourceTree = "<group>"; };
		E49F9D911C3A979600D89C3B /* Info.plist */ = {isa = PBXFileReference; lastKnownFileType = text.plist.xml; path = Info.plist; sourceTree = "<group>"; };
		E49F9D961C3A979600D89C3B /* UIWebViewTests.xctest */ = {isa = PBXFileReference; explicitFileType = wrapper.cfbundle; includeInIndex = 0; path = UIWebViewTests.xctest; sourceTree = BUILT_PRODUCTS_DIR; };
		E49F9D9A1C3A979600D89C3B /* UIWebViewTests.swift */ = {isa = PBXFileReference; lastKnownFileType = sourcecode.swift; path = UIWebViewTests.swift; sourceTree = "<group>"; };
		E49F9D9C1C3A979600D89C3B /* Info.plist */ = {isa = PBXFileReference; lastKnownFileType = text.plist.xml; path = Info.plist; sourceTree = "<group>"; };
		E49F9DA11C3A979600D89C3B /* UIWebViewUITests.xctest */ = {isa = PBXFileReference; explicitFileType = wrapper.cfbundle; includeInIndex = 0; path = UIWebViewUITests.xctest; sourceTree = BUILT_PRODUCTS_DIR; };
		E49F9DA51C3A979600D89C3B /* UIWebViewUITests.swift */ = {isa = PBXFileReference; lastKnownFileType = sourcecode.swift; path = UIWebViewUITests.swift; sourceTree = "<group>"; };
		E49F9DA71C3A979600D89C3B /* Info.plist */ = {isa = PBXFileReference; lastKnownFileType = text.plist.xml; path = Info.plist; sourceTree = "<group>"; };
/* End PBXFileReference section */

/* Begin PBXFrameworksBuildPhase section */
		E49F9D7F1C3A979600D89C3B /* Frameworks */ = {
			isa = PBXFrameworksBuildPhase;
			buildActionMask = 2147483647;
			files = (
			);
			runOnlyForDeploymentPostprocessing = 0;
		};
		E49F9D931C3A979600D89C3B /* Frameworks */ = {
			isa = PBXFrameworksBuildPhase;
			buildActionMask = 2147483647;
			files = (
			);
			runOnlyForDeploymentPostprocessing = 0;
		};
		E49F9D9E1C3A979600D89C3B /* Frameworks */ = {
			isa = PBXFrameworksBuildPhase;
			buildActionMask = 2147483647;
			files = (
			);
			runOnlyForDeploymentPostprocessing = 0;
		};
/* End PBXFrameworksBuildPhase section */

/* Begin PBXGroup section */
		E49F9D791C3A979600D89C3B = {
			isa = PBXGroup;
			children = (
				E49F9D841C3A979600D89C3B /* UIWebView */,
				E49F9D991C3A979600D89C3B /* UIWebViewTests */,
				E49F9DA41C3A979600D89C3B /* UIWebViewUITests */,
				E49F9D831C3A979600D89C3B /* Products */,
			);
			sourceTree = "<group>";
		};
		E49F9D831C3A979600D89C3B /* Products */ = {
			isa = PBXGroup;
			children = (
				E49F9D821C3A979600D89C3B /* UIWebView.app */,
				E49F9D961C3A979600D89C3B /* UIWebViewTests.xctest */,
				E49F9DA11C3A979600D89C3B /* UIWebViewUITests.xctest */,
			);
			name = Products;
			sourceTree = "<group>";
		};
		E49F9D841C3A979600D89C3B /* UIWebView */ = {
			isa = PBXGroup;
			children = (
				E49F9D851C3A979600D89C3B /* AppDelegate.swift */,
				E49F9D871C3A979600D89C3B /* ViewController.swift */,
				E49F9D891C3A979600D89C3B /* Main.storyboard */,
				E49F9D8C1C3A979600D89C3B /* Assets.xcassets */,
				E49F9D8E1C3A979600D89C3B /* LaunchScreen.storyboard */,
				E49F9D911C3A979600D89C3B /* Info.plist */,
			);
			path = UIWebView;
			sourceTree = "<group>";
		};
		E49F9D991C3A979600D89C3B /* UIWebViewTests */ = {
			isa = PBXGroup;
			children = (
				E49F9D9A1C3A979600D89C3B /* UIWebViewTests.swift */,
				E49F9D9C1C3A979600D89C3B /* Info.plist */,
			);
			path = UIWebViewTests;
			sourceTree = "<group>";
		};
		E49F9DA41C3A979600D89C3B /* UIWebViewUITests */ = {
			isa = PBXGroup;
			children = (
				E49F9DA51C3A979600D89C3B /* UIWebViewUITests.swift */,
				E49F9DA71C3A979600D89C3B /* Info.plist */,
			);
			path = UIWebViewUITests;
			sourceTree = "<group>";
		};
/* End PBXGroup section */

/* Begin PBXNativeTarget section */
		E49F9D811C3A979600D89C3B /* UIWebView */ = {
			isa = PBXNativeTarget;
			buildConfigurationList = E49F9DAA1C3A979600D89C3B /* Build configuration list for PBXNativeTarget "UIWebView" */;
			buildPhases = (
				E49F9D7E1C3A979600D89C3B /* Sources */,
				E49F9D7F1C3A979600D89C3B /* Frameworks */,
				E49F9D801C3A979600D89C3B /* Resources */,
			);
			buildRules = (
			);
			dependencies = (
			);
			name = UIWebView;
			productName = UIWebView;
			productReference = E49F9D821C3A979600D89C3B /* UIWebView.app */;
			productType = "com.apple.product-type.application";
		};
		E49F9D951C3A979600D89C3B /* UIWebViewTests */ = {
			isa = PBXNativeTarget;
			buildConfigurationList = E49F9DAD1C3A979600D89C3B /* Build configuration list for PBXNativeTarget "UIWebViewTests" */;
			buildPhases = (
				E49F9D921C3A979600D89C3B /* Sources */,
				E49F9D931C3A979600D89C3B /* Frameworks */,
				E49F9D941C3A979600D89C3B /* Resources */,
			);
			buildRules = (
			);
			dependencies = (
				E49F9D981C3A979600D89C3B /* PBXTargetDependency */,
			);
			name = UIWebViewTests;
			productName = UIWebViewTests;
			productReference = E49F9D961C3A979600D89C3B /* UIWebViewTests.xctest */;
			productType = "com.apple.product-type.bundle.unit-test";
		};
		E49F9DA01C3A979600D89C3B /* UIWebViewUITests */ = {
			isa = PBXNativeTarget;
			buildConfigurationList = E49F9DB01C3A979600D89C3B /* Build configuration list for PBXNativeTarget "UIWebViewUITests" */;
			buildPhases = (
				E49F9D9D1C3A979600D89C3B /* Sources */,
				E49F9D9E1C3A979600D89C3B /* Frameworks */,
				E49F9D9F1C3A979600D89C3B /* Resources */,
			);
			buildRules = (
			);
			dependencies = (
				E49F9DA31C3A979600D89C3B /* PBXTargetDependency */,
			);
			name = UIWebViewUITests;
			productName = UIWebViewUITests;
			productReference = E49F9DA11C3A979600D89C3B /* UIWebViewUITests.xctest */;
			productType = "com.apple.product-type.bundle.ui-testing";
		};
/* End PBXNativeTarget section */

/* Begin PBXProject section */
		E49F9D7A1C3A979600D89C3B /* Project object */ = {
			isa = PBXProject;
			attributes = {
				LastSwiftUpdateCheck = 0720;
				LastUpgradeCheck = 0800;
				ORGANIZATIONNAME = mstcode;
				TargetAttributes = {
					E49F9D811C3A979600D89C3B = {
						CreatedOnToolsVersion = 7.2;
						DevelopmentTeam = VQSRZ9JA5E;
						LastSwiftMigration = 0800;
					};
					E49F9D951C3A979600D89C3B = {
						CreatedOnToolsVersion = 7.2;
						LastSwiftMigration = 0800;
						TestTargetID = E49F9D811C3A979600D89C3B;
					};
					E49F9DA01C3A979600D89C3B = {
						CreatedOnToolsVersion = 7.2;
						LastSwiftMigration = 0800;
						TestTargetID = E49F9D811C3A979600D89C3B;
					};
				};
			};
			buildConfigurationList = E49F9D7D1C3A979600D89C3B /* Build configuration list for PBXProject "UIWebView" */;
			compatibilityVersion = "Xcode 3.2";
			developmentRegion = English;
			hasScannedForEncodings = 0;
			knownRegions = (
				en,
				Base,
			);
			mainGroup = E49F9D791C3A979600D89C3B;
			productRefGroup = E49F9D831C3A979600D89C3B /* Products */;
			projectDirPath = "";
			projectRoot = "";
			targets = (
				E49F9D811C3A979600D89C3B /* UIWebView */,
				E49F9D951C3A979600D89C3B /* UIWebViewTests */,
				E49F9DA01C3A979600D89C3B /* UIWebViewUITests */,
			);
		};
/* End PBXProject section */

/* Begin PBXResourcesBuildPhase section */
		E49F9D801C3A979600D89C3B /* Resources */ = {
			isa = PBXResourcesBuildPhase;
			buildActionMask = 2147483647;
			files = (
				E49F9D901C3A979600D89C3B /* LaunchScreen.storyboard in Resources */,
				E49F9D8D1C3A979600D89C3B /* Assets.xcassets in Resources */,
				E49F9D8B1C3A979600D89C3B /* Main.storyboard in Resources */,
			);
			runOnlyForDeploymentPostprocessing = 0;
		};
		E49F9D941C3A979600D89C3B /* Resources */ = {
			isa = PBXResourcesBuildPhase;
			buildActionMask = 2147483647;
			files = (
			);
			runOnlyForDeploymentPostprocessing = 0;
		};
		E49F9D9F1C3A979600D89C3B /* Resources */ = {
			isa = PBXResourcesBuildPhase;
			buildActionMask = 2147483647;
			files = (
			);
			runOnlyForDeploymentPostprocessing = 0;
		};
/* End PBXResourcesBuildPhase section */

/* Begin PBXSourcesBuildPhase section */
		E49F9D7E1C3A979600D89C3B /* Sources */ = {
			isa = PBXSourcesBuildPhase;
			buildActionMask = 2147483647;
			files = (
				E49F9D881C3A979600D89C3B /* ViewController.swift in Sources */,
				E49F9D861C3A979600D89C3B /* AppDelegate.swift in Sources */,
			);
			runOnlyForDeploymentPostprocessing = 0;
		};
		E49F9D921C3A979600D89C3B /* Sources */ = {
			isa = PBXSourcesBuildPhase;
			buildActionMask = 2147483647;
			files = (
				E49F9D9B1C3A979600D89C3B /* UIWebViewTests.swift in Sources */,
			);
			runOnlyForDeploymentPostprocessing = 0;
		};
		E49F9D9D1C3A979600D89C3B /* Sources */ = {
			isa = PBXSourcesBuildPhase;
			buildActionMask = 2147483647;
			files = (
				E49F9DA61C3A979600D89C3B /* UIWebViewUITests.swift in Sources */,
			);
			runOnlyForDeploymentPostprocessing = 0;
		};
/* End PBXSourcesBuildPhase section */

/* Begin PBXTargetDependency section */
		E49F9D981C3A979600D89C3B /* PBXTargetDependency */ = {
			isa = PBXTargetDependency;
			target = E49F9D811C3A979600D89C3B /* UIWebView */;
			targetProxy = E49F9D971C3A979600D89C3B /* PBXContainerItemProxy */;
		};
		E49F9DA31C3A979600D89C3B /* PBXTargetDependency */ = {
			isa = PBXTargetDependency;
			target = E49F9D811C3A979600D89C3B /* UIWebView */;
			targetProxy = E49F9DA21C3A979600D89C3B /* PBXContainerItemProxy */;
		};
/* End PBXTargetDependency section */

/* Begin PBXVariantGroup section */
		E49F9D891C3A979600D89C3B /* Main.storyboard */ = {
			isa = PBXVariantGroup;
			children = (
				E49F9D8A1C3A979600D89C3B /* Base */,
			);
			name = Main.storyboard;
			sourceTree = "<group>";
		};
		E49F9D8E1C3A979600D89C3B /* LaunchScreen.storyboard */ = {
			isa = PBXVariantGroup;
			children = (
				E49F9D8F1C3A979600D89C3B /* Base */,
			);
			name = LaunchScreen.storyboard;
			sourceTree = "<group>";
		};
/* End PBXVariantGroup section */

/* Begin XCBuildConfiguration section */
		E49F9DA81C3A979600D89C3B /* Debug */ = {
			isa = XCBuildConfiguration;
			buildSettings = {
				ALWAYS_SEARCH_USER_PATHS = NO;
				CLANG_CXX_LANGUAGE_STANDARD = "gnu++0x";
				CLANG_CXX_LIBRARY = "libc++";
				CLANG_ENABLE_MODULES = YES;
				CLANG_ENABLE_OBJC_ARC = YES;
				CLANG_WARN_BOOL_CONVERSION = YES;
				CLANG_WARN_CONSTANT_CONVERSION = YES;
				CLANG_WARN_DIRECT_OBJC_ISA_USAGE = YES_ERROR;
				CLANG_WARN_EMPTY_BODY = YES;
				CLANG_WARN_ENUM_CONVERSION = YES;
				CLANG_WARN_INFINITE_RECURSION = YES;
				CLANG_WARN_INT_CONVERSION = YES;
				CLANG_WARN_OBJC_ROOT_CLASS = YES_ERROR;
				CLANG_WARN_SUSPICIOUS_MOVE = YES;
				CLANG_WARN_UNREACHABLE_CODE = YES;
				CLANG_WARN__DUPLICATE_METHOD_MATCH = YES;
				"CODE_SIGN_IDENTITY[sdk=iphoneos*]" = "iPhone Developer";
				COPY_PHASE_STRIP = NO;
				DEBUG_INFORMATION_FORMAT = dwarf;
				ENABLE_STRICT_OBJC_MSGSEND = YES;
				ENABLE_TESTABILITY = YES;
				GCC_C_LANGUAGE_STANDARD = gnu99;
				GCC_DYNAMIC_NO_PIC = NO;
				GCC_NO_COMMON_BLOCKS = YES;
				GCC_OPTIMIZATION_LEVEL = 0;
				GCC_PREPROCESSOR_DEFINITIONS = (
					"DEBUG=1",
					"$(inherited)",
				);
				GCC_WARN_64_TO_32_BIT_CONVERSION = YES;
				GCC_WARN_ABOUT_RETURN_TYPE = YES_ERROR;
				GCC_WARN_UNDECLARED_SELECTOR = YES;
				GCC_WARN_UNINITIALIZED_AUTOS = YES_AGGRESSIVE;
				GCC_WARN_UNUSED_FUNCTION = YES;
				GCC_WARN_UNUSED_VARIABLE = YES;
				IPHONEOS_DEPLOYMENT_TARGET = 9.2;
				MTL_ENABLE_DEBUG_INFO = YES;
				ONLY_ACTIVE_ARCH = YES;
				SDKROOT = iphoneos;
				SWIFT_OPTIMIZATION_LEVEL = "-Onone";
				TARGETED_DEVICE_FAMILY = "1,2";
			};
			name = Debug;
		};
		E49F9DA91C3A979600D89C3B /* Release */ = {
			isa = XCBuildConfiguration;
			buildSettings = {
				ALWAYS_SEARCH_USER_PATHS = NO;
				CLANG_CXX_LANGUAGE_STANDARD = "gnu++0x";
				CLANG_CXX_LIBRARY = "libc++";
				CLANG_ENABLE_MODULES = YES;
				CLANG_ENABLE_OBJC_ARC = YES;
				CLANG_WARN_BOOL_CONVERSION = YES;
				CLANG_WARN_CONSTANT_CONVERSION = YES;
				CLANG_WARN_DIRECT_OBJC_ISA_USAGE = YES_ERROR;
				CLANG_WARN_EMPTY_BODY = YES;
				CLANG_WARN_ENUM_CONVERSION = YES;
				CLANG_WARN_INFINITE_RECURSION = YES;
				CLANG_WARN_INT_CONVERSION = YES;
				CLANG_WARN_OBJC_ROOT_CLASS = YES_ERROR;
				CLANG_WARN_SUSPICIOUS_MOVE = YES;
				CLANG_WARN_UNREACHABLE_CODE = YES;
				CLANG_WARN__DUPLICATE_METHOD_MATCH = YES;
				"CODE_SIGN_IDENTITY[sdk=iphoneos*]" = "iPhone Developer";
				COPY_PHASE_STRIP = NO;
				DEBUG_INFORMATION_FORMAT = "dwarf-with-dsym";
				ENABLE_NS_ASSERTIONS = NO;
				ENABLE_STRICT_OBJC_MSGSEND = YES;
				GCC_C_LANGUAGE_STANDARD = gnu99;
				GCC_NO_COMMON_BLOCKS = YES;
				GCC_WARN_64_TO_32_BIT_CONVERSION = YES;
				GCC_WARN_ABOUT_RETURN_TYPE = YES_ERROR;
				GCC_WARN_UNDECLARED_SELECTOR = YES;
				GCC_WARN_UNINITIALIZED_AUTOS = YES_AGGRESSIVE;
				GCC_WARN_UNUSED_FUNCTION = YES;
				GCC_WARN_UNUSED_VARIABLE = YES;
				IPHONEOS_DEPLOYMENT_TARGET = 9.2;
				MTL_ENABLE_DEBUG_INFO = NO;
				SDKROOT = iphoneos;
				SWIFT_OPTIMIZATION_LEVEL = "-Owholemodule";
				TARGETED_DEVICE_FAMILY = "1,2";
				VALIDATE_PRODUCT = YES;
			};
			name = Release;
		};
		E49F9DAB1C3A979600D89C3B /* Debug */ = {
			isa = XCBuildConfiguration;
			buildSettings = {
				ASSETCATALOG_COMPILER_APPICON_NAME = AppIcon;
				DEVELOPMENT_TEAM = VQSRZ9JA5E;
				INFOPLIST_FILE = UIWebView/Info.plist;
				LD_RUNPATH_SEARCH_PATHS = "$(inherited) @executable_path/Frameworks";
				PRODUCT_BUNDLE_IDENTIFIER = com.mocssiws.UIWebView;
				PRODUCT_NAME = "$(TARGET_NAME)";
				SWIFT_VERSION = 3.0;
			};
			name = Debug;
		};
		E49F9DAC1C3A979600D89C3B /* Release */ = {
			isa = XCBuildConfiguration;
			buildSettings = {
				ASSETCATALOG_COMPILER_APPICON_NAME = AppIcon;
				DEVELOPMENT_TEAM = VQSRZ9JA5E;
				INFOPLIST_FILE = UIWebView/Info.plist;
				LD_RUNPATH_SEARCH_PATHS = "$(inherited) @executable_path/Frameworks";
				PRODUCT_BUNDLE_IDENTIFIER = com.mocssiws.UIWebView;
				PRODUCT_NAME = "$(TARGET_NAME)";
				SWIFT_VERSION = 3.0;
			};
			name = Release;
		};
		E49F9DAE1C3A979600D89C3B /* Debug */ = {
			isa = XCBuildConfiguration;
			buildSettings = {
				BUNDLE_LOADER = "$(TEST_HOST)";
				INFOPLIST_FILE = UIWebViewTests/Info.plist;
				LD_RUNPATH_SEARCH_PATHS = "$(inherited) @executable_path/Frameworks @loader_path/Frameworks";
				PRODUCT_BUNDLE_IDENTIFIER = com.mstcode.UIWebViewTests;
				PRODUCT_NAME = "$(TARGET_NAME)";
				SWIFT_VERSION = 3.0;
				TEST_HOST = "$(BUILT_PRODUCTS_DIR)/UIWebView.app/UIWebView";
			};
			name = Debug;
		};
		E49F9DAF1C3A979600D89C3B /* Release */ = {
			isa = XCBuildConfiguration;
			buildSettings = {
				BUNDLE_LOADER = "$(TEST_HOST)";
				INFOPLIST_FILE = UIWebViewTests/Info.plist;
				LD_RUNPATH_SEARCH_PATHS = "$(inherited) @executable_path/Frameworks @loader_path/Frameworks";
				PRODUCT_BUNDLE_IDENTIFIER = com.mstcode.UIWebViewTests;
				PRODUCT_NAME = "$(TARGET_NAME)";
				SWIFT_VERSION = 3.0;
				TEST_HOST = "$(BUILT_PRODUCTS_DIR)/UIWebView.app/UIWebView";
			};
			name = Release;
		};
		E49F9DB11C3A979600D89C3B /* Debug */ = {
			isa = XCBuildConfiguration;
			buildSettings = {
				INFOPLIST_FILE = UIWebViewUITests/Info.plist;
				LD_RUNPATH_SEARCH_PATHS = "$(inherited) @executable_path/Frameworks @loader_path/Frameworks";
				PRODUCT_BUNDLE_IDENTIFIER = com.mstcode.UIWebViewUITests;
				PRODUCT_NAME = "$(TARGET_NAME)";
				SWIFT_VERSION = 3.0;
				TEST_TARGET_NAME = UIWebView;
				USES_XCTRUNNER = YES;
			};
			name = Debug;
		};
		E49F9DB21C3A979600D89C3B /* Release */ = {
			isa = XCBuildConfiguration;
			buildSettings = {
				INFOPLIST_FILE = UIWebViewUITests/Info.plist;
				LD_RUNPATH_SEARCH_PATHS = "$(inherited) @executable_path/Frameworks @loader_path/Frameworks";
				PRODUCT_BUNDLE_IDENTIFIER = com.mstcode.UIWebViewUITests;
				PRODUCT_NAME = "$(TARGET_NAME)";
				SWIFT_VERSION = 3.0;
				TEST_TARGET_NAME = UIWebView;
				USES_XCTRUNNER = YES;
			};
			name = Release;
		};
/* End XCBuildConfiguration section */

/* Begin XCConfigurationList section */
		E49F9D7D1C3A979600D89C3B /* Build configuration list for PBXProject "UIWebView" */ = {
			isa = XCConfigurationList;
			buildConfigurations = (
				E49F9DA81C3A979600D89C3B /* Debug */,
				E49F9DA91C3A979600D89C3B /* Release */,
			);
			defaultConfigurationIsVisible = 0;
			defaultConfigurationName = Release;
		};
		E49F9DAA1C3A979600D89C3B /* Build configuration list for PBXNativeTarget "UIWebView" */ = {
			isa = XCConfigurationList;
			buildConfigurations = (
				E49F9DAB1C3A979600D89C3B /* Debug */,
				E49F9DAC1C3A979600D89C3B /* Release */,
			);
			defaultConfigurationIsVisible = 0;
			defaultConfigurationName = Release;
		};
		E49F9DAD1C3A979600D89C3B /* Build configuration list for PBXNativeTarget "UIWebViewTests" */ = {
			isa = XCConfigurationList;
			buildConfigurations = (
				E49F9DAE1C3A979600D89C3B /* Debug */,
				E49F9DAF1C3A979600D89C3B /* Release */,
			);
			defaultConfigurationIsVisible = 0;
			defaultConfigurationName = Release;
		};
		E49F9DB01C3A979600D89C3B /* Build configuration list for PBXNativeTarget "UIWebViewUITests" */ = {
			isa = XCConfigurationList;
			buildConfigurations = (
				E49F9DB11C3A979600D89C3B /* Debug */,
				E49F9DB21C3A979600D89C3B /* Release */,
			);
			defaultConfigurationIsVisible = 0;
			defaultConfigurationName = Release;
		};
/* End XCConfigurationList section */
	};
	rootObject = E49F9D7A1C3A979600D89C3B /* Project object */;
}
